
Microsoft Visual Studio Solution File, Format Version 12.00
# Visual Studio 14
VisualStudioVersion = 14.0.24720.0
MinimumVisualStudioVersion = 10.0.40219.1
Project("{FAE04EC0-301F-11D3-BF4B-00C04F79EFBC}") = "WebApi", "WebApi\WebApi.csproj", "{3A267B9C-71A8-4AFA-9225-74A6F789081A}"
EndProject
Project("{FAE04EC0-301F-11D3-BF4B-00C04F79EFBC}") = "UnitTest", "UnitTest\UnitTest.csproj", "{8848E490-0646-494C-BB2E-23D3555E9EDB}"
EndProject
Project("{2150E333-8FDC-42A3-9474-1A3956D46DE8}") = "7 Presentation", "7 Presentation", "{4F6E466E-0420-4105-84F4-E68E287DA4E2}"
EndProject
Project("{2150E333-8FDC-42A3-9474-1A3956D46DE8}") = ".nuget", ".nuget", "{CD2C6C3E-294E-4A44-9DF6-5E1671DB1B51}"
	ProjectSection(SolutionItems) = preProject
		.nuget\NuGet.Config = .nuget\NuGet.Config
		.nuget\NuGet.exe = .nuget\NuGet.exe
		.nuget\NuGet.targets = .nuget\NuGet.targets
	EndProjectSection
EndProject
Project("{FAE04EC0-301F-11D3-BF4B-00C04F79EFBC}") = "BIFramework.BestPractice", "BIFramework.BestPractice\BIFramework.BestPractice.csproj", "{1167A456-4056-46C3-9B2D-B0291B068472}"
EndProject
Project("{FAE04EC0-301F-11D3-BF4B-00C04F79EFBC}") = "BIFramework.BestPractice.Impl", "BIFramework.BestPractice.Impl\BIFramework.BestPractice.Impl.csproj", "{D4C0EAF7-3127-49FA-9117-AEE78491097D}"
EndProject
Project("{E24C65DC-7377-472B-9ABA-BC803B73C61A}") = "WebApp(1)", "http://localhost:1496", "{A5506E82-F53B-4731-9022-659D275180AD}"
	ProjectSection(WebsiteProperties) = preProject
		SccProjectName = "SAK"
		SccAuxPath = "SAK"
		SccLocalPath = "SAK"
		SccProvider = "SAK"
		UseIISExpress = "true"
		TargetFrameworkMoniker = ".NETFramework,Version%3Dv4.6.1"
		Debug.AspNetCompiler.VirtualPath = "/localhost_1496"
		Debug.AspNetCompiler.PhysicalPath = "WebApp\"
		Debug.AspNetCompiler.TargetPath = "PrecompiledWeb\localhost_1496\"
		Debug.AspNetCompiler.Updateable = "true"
		Debug.AspNetCompiler.ForceOverwrite = "true"
		Debug.AspNetCompiler.FixedNames = "false"
		Debug.AspNetCompiler.Debug = "True"
		Release.AspNetCompiler.VirtualPath = "/localhost_1496"
		Release.AspNetCompiler.PhysicalPath = "WebApp\"
		Release.AspNetCompiler.TargetPath = "PrecompiledWeb\localhost_1496\"
		Release.AspNetCompiler.Updateable = "true"
		Release.AspNetCompiler.ForceOverwrite = "true"
		Release.AspNetCompiler.FixedNames = "false"
		Release.AspNetCompiler.Debug = "False"
		SlnRelativePath = "WebApp\"
		DefaultWebSiteLanguage = "Visual C#"
	EndProjectSection
EndProject
Project("{F088123C-0E9E-452A-89E6-6BA2F21D5CAC}") = "Design", "Design\Design.modelproj", "{D69FC456-01E6-4F64-85B9-72AACD384CBB}"
EndProject
Global
	GlobalSection(SolutionConfigurationPlatforms) = preSolution
		Debug|Any CPU = Debug|Any CPU
		Release|Any CPU = Release|Any CPU
	EndGlobalSection
	GlobalSection(ProjectConfigurationPlatforms) = postSolution
		{3A267B9C-71A8-4AFA-9225-74A6F789081A}.Debug|Any CPU.ActiveCfg = Debug|Any CPU
		{3A267B9C-71A8-4AFA-9225-74A6F789081A}.Debug|Any CPU.Build.0 = Debug|Any CPU
		{3A267B9C-71A8-4AFA-9225-74A6F789081A}.Release|Any CPU.ActiveCfg = Release|Any CPU
		{3A267B9C-71A8-4AFA-9225-74A6F789081A}.Release|Any CPU.Build.0 = Release|Any CPU
		{8848E490-0646-494C-BB2E-23D3555E9EDB}.Debug|Any CPU.ActiveCfg = Debug|Any CPU
		{8848E490-0646-494C-BB2E-23D3555E9EDB}.Debug|Any CPU.Build.0 = Debug|Any CPU
		{8848E490-0646-494C-BB2E-23D3555E9EDB}.Release|Any CPU.ActiveCfg = Release|Any CPU
		{8848E490-0646-494C-BB2E-23D3555E9EDB}.Release|Any CPU.Build.0 = Release|Any CPU
		{1167A456-4056-46C3-9B2D-B0291B068472}.Debug|Any CPU.ActiveCfg = Debug|Any CPU
		{1167A456-4056-46C3-9B2D-B0291B068472}.Debug|Any CPU.Build.0 = Debug|Any CPU
		{1167A456-4056-46C3-9B2D-B0291B068472}.Release|Any CPU.ActiveCfg = Release|Any CPU
		{1167A456-4056-46C3-9B2D-B0291B068472}.Release|Any CPU.Build.0 = Release|Any CPU
		{D4C0EAF7-3127-49FA-9117-AEE78491097D}.Debug|Any CPU.ActiveCfg = Debug|Any CPU
		{D4C0EAF7-3127-49FA-9117-AEE78491097D}.Debug|Any CPU.Build.0 = Debug|Any CPU
		{D4C0EAF7-3127-49FA-9117-AEE78491097D}.Release|Any CPU.ActiveCfg = Release|Any CPU
		{D4C0EAF7-3127-49FA-9117-AEE78491097D}.Release|Any CPU.Build.0 = Release|Any CPU
		{A5506E82-F53B-4731-9022-659D275180AD}.Debug|Any CPU.ActiveCfg = Debug|Any CPU
		{A5506E82-F53B-4731-9022-659D275180AD}.Debug|Any CPU.Build.0 = Debug|Any CPU
		{A5506E82-F53B-4731-9022-659D275180AD}.Release|Any CPU.ActiveCfg = Debug|Any CPU
		{A5506E82-F53B-4731-9022-659D275180AD}.Release|Any CPU.Build.0 = Debug|Any CPU
		{D69FC456-01E6-4F64-85B9-72AACD384CBB}.Debug|Any CPU.ActiveCfg = Debug|Any CPU
		{D69FC456-01E6-4F64-85B9-72AACD384CBB}.Debug|Any CPU.Build.0 = Debug|Any CPU
		{D69FC456-01E6-4F64-85B9-72AACD384CBB}.Release|Any CPU.ActiveCfg = Release|Any CPU
		{D69FC456-01E6-4F64-85B9-72AACD384CBB}.Release|Any CPU.Build.0 = Release|Any CPU
	EndGlobalSection
	GlobalSection(SolutionProperties) = preSolution
		HideSolutionNode = FALSE
	EndGlobalSection
	GlobalSection(NestedProjects) = preSolution
		{3A267B9C-71A8-4AFA-9225-74A6F789081A} = {4F6E466E-0420-4105-84F4-E68E287DA4E2}
		{8848E490-0646-494C-BB2E-23D3555E9EDB} = {4F6E466E-0420-4105-84F4-E68E287DA4E2}
		{1167A456-4056-46C3-9B2D-B0291B068472} = {4F6E466E-0420-4105-84F4-E68E287DA4E2}
		{D4C0EAF7-3127-49FA-9117-AEE78491097D} = {4F6E466E-0420-4105-84F4-E68E287DA4E2}
		{A5506E82-F53B-4731-9022-659D275180AD} = {4F6E466E-0420-4105-84F4-E68E287DA4E2}
		{D69FC456-01E6-4F64-85B9-72AACD384CBB} = {4F6E466E-0420-4105-84F4-E68E287DA4E2}
	EndGlobalSection
EndGlobal
